
Microsoft Visual Studio Solution File, Format Version 12.00
# Visual Studio Version 17
VisualStudioVersion = 17.10.35004.147
MinimumVisualStudioVersion = 10.0.40219.1
Project("{FAE04EC0-301F-11D3-BF4B-00C04F79EFBC}") = "GROS CTRL F", "GROS CTRL F\GROS CTRL F.csproj", "{ADF40F67-16A2-4553-81DC-DBB9CB44A3BB}"
EndProject
Global
	GlobalSection(SolutionConfigurationPlatforms) = preSolution
		Debug|Any CPU = Debug|Any CPU
		Release|Any CPU = Release|Any CPU
	EndGlobalSection
	GlobalSection(ProjectConfigurationPlatforms) = postSolution
		{ADF40F67-16A2-4553-81DC-DBB9CB44A3BB}.Debug|Any CPU.ActiveCfg = Debug|Any CPU
		{ADF40F67-16A2-4553-81DC-DBB9CB44A3BB}.Debug|Any CPU.Build.0 = Debug|Any CPU
		{ADF40F67-16A2-4553-81DC-DBB9CB44A3BB}.Release|Any CPU.ActiveCfg = Release|Any CPU
		{ADF40F67-16A2-4553-81DC-DBB9CB44A3BB}.Release|Any CPU.Build.0 = Release|Any CPU
	EndGlobalSection
	GlobalSection(SolutionProperties) = preSolution
		HideSolutionNode = FALSE
	EndGlobalSection
	GlobalSection(ExtensibilityGlobals) = postSolution
		SolutionGuid = {6A8DE279-D922-4713-9687-064498FC17C4}
	EndGlobalSection
EndGlobal
